{"filter":false,"title":"package-lock.json","tooltip":"/package-lock.json","undoManager":{"mark":-1,"position":-1,"stack":[]},"ace":{"folds":[],"scrolltop":0,"scrollleft":0,"selection":{"start":{"row":11,"column":47},"end":{"row":11,"column":47},"isBackwards":false},"options":{"guessTabSize":true,"useWrapMode":false,"wrapToView":true},"firstLineState":{"row":10,"state":"start","mode":"ace/mode/json"}},"timestamp":1623950755705,"hash":"551cec7738b876fb2d276c34163e7cecbf18ed3a"}